
Microsoft Visual Studio Solution File, Format Version 12.00
# Visual Studio 15
VisualStudioVersion = 15.0.26430.13
MinimumVisualStudioVersion = 10.0.40219.1
Project("{2150E333-8FDC-42A3-9474-1A3956D46DE8}") = "Test", "Test", "{D4EEBD7C-8033-4B58-9533-0345120374D7}"
EndProject
Project("{9A19103F-16F7-4668-BE54-9A1E7A4F7556}") = "Phyah", "Phyah\Phyah.csproj", "{37151CEF-8CF0-4349-8902-556AC1F5D269}"
EndProject
Project("{9A19103F-16F7-4668-BE54-9A1E7A4F7556}") = "Phyah.Chain", "Phyah.Chain\Phyah.Chain.csproj", "{EE86592D-E6D4-40A1-8105-B1D2A161D7D2}"
EndProject
Project("{2150E333-8FDC-42A3-9474-1A3956D46DE8}") = "ClassDiagram", "ClassDiagram", "{EE6E7DB2-1AA3-4816-A0BB-9519DF8937B8}"
EndProject
Project("{9A19103F-16F7-4668-BE54-9A1E7A4F7556}") = "Phyah.Web", "Phyah.Web\Phyah.Web.csproj", "{046BA233-6A46-44A8-AF5D-576D9EE46A48}"
EndProject
Project("{9A19103F-16F7-4668-BE54-9A1E7A4F7556}") = "Phyah.EventStore", "Phyah.EventStore\Phyah.EventStore.csproj", "{E9F5EA4D-E197-4ADA-94A0-AAFB28100DCF}"
EndProject
Project("{9A19103F-16F7-4668-BE54-9A1E7A4F7556}") = "Phyah.EventHub", "Phyah.EventHub\Phyah.EventHub.csproj", "{9408904A-38EE-4633-BAAE-0AD92643F93D}"
EndProject
Project("{2150E333-8FDC-42A3-9474-1A3956D46DE8}") = "EventStore", "EventStore", "{B37147E3-6CD0-4BB2-BD1E-078C917C1C06}"
EndProject
Project("{FAE04EC0-301F-11D3-BF4B-00C04F79EFBC}") = "Test", "Test\Test.csproj", "{703BDB16-2FBD-464D-8538-B64CB180C229}"
EndProject
Project("{FAE04EC0-301F-11D3-BF4B-00C04F79EFBC}") = "FileUploader", "FileUploader\FileUploader.csproj", "{1103D07F-9CC0-4358-B90A-CD9C330C524A}"
EndProject
Project("{FAE04EC0-301F-11D3-BF4B-00C04F79EFBC}") = "WebApplication2", "WebApplication2\WebApplication2.csproj", "{740B97C8-B13F-4AFA-87E7-D5EFAE114F40}"
EndProject
Project("{2150E333-8FDC-42A3-9474-1A3956D46DE8}") = "EventPipeline", "EventPipeline", "{AC9FC5D9-C441-4358-B652-FBA16F4ABDC1}"
EndProject
Project("{FAE04EC0-301F-11D3-BF4B-00C04F79EFBC}") = "EventPipeline.Diagram", "EventPipeline.Diagram\EventPipeline.Diagram.csproj", "{C0A82D35-C9A3-4042-A8C3-F65E8902D407}"
EndProject
Project("{FAE04EC0-301F-11D3-BF4B-00C04F79EFBC}") = "Phyah.EventPipeline", "EventPipeline\Phyah.EventPipeline.csproj", "{53402CCF-37DA-4ECA-AB19-5FB4C5E5356C}"
EndProject
Project("{2150E333-8FDC-42A3-9474-1A3956D46DE8}") = "Huaxue", "Huaxue", "{70DDD802-4C22-4F61-B82D-9C12D6CC1D3C}"
EndProject
Project("{FAE04EC0-301F-11D3-BF4B-00C04F79EFBC}") = "JxHuaxue", "JxHuaxue\JxHuaxue.csproj", "{1C7B49E3-0470-49FA-B326-24383C4C862E}"
EndProject
Project("{2150E333-8FDC-42A3-9474-1A3956D46DE8}") = "Api", "Api", "{49D22684-E088-4239-907C-67F2B573312B}"
EndProject
Project("{FAE04EC0-301F-11D3-BF4B-00C04F79EFBC}") = "Portal", "Portal\Portal.csproj", "{C47D68D6-6D76-4CD9-A448-DCA3AA79A273}"
EndProject
Project("{FAE04EC0-301F-11D3-BF4B-00C04F79EFBC}") = "Phyah.EntityFramework.Services", "Phyah.EntityFramework.Services\Phyah.EntityFramework.Services.csproj", "{4BB1B81C-0BF5-40E7-B4F5-40AC6A388757}"
EndProject
Project("{FAE04EC0-301F-11D3-BF4B-00C04F79EFBC}") = "Portal.Entity", "Portal.Entity\Portal.Entity.csproj", "{A1CCB01E-D67D-49B4-B718-50C21BA2E23C}"
EndProject
Project("{FAE04EC0-301F-11D3-BF4B-00C04F79EFBC}") = "Portal.Services", "Portal.Services\Portal.Services.csproj", "{6015FD08-37E1-42B2-9CD7-445603A12D9A}"
EndProject
Project("{FAE04EC0-301F-11D3-BF4B-00C04F79EFBC}") = "Portal.IServices", "Portal.IServices\Portal.IServices.csproj", "{E11438E6-20D8-4A1D-A1E5-FC41C470D2A8}"
EndProject
Global
	GlobalSection(SolutionConfigurationPlatforms) = preSolution
		Debug|Any CPU = Debug|Any CPU
		Release|Any CPU = Release|Any CPU
	EndGlobalSection
	GlobalSection(ProjectConfigurationPlatforms) = postSolution
		{37151CEF-8CF0-4349-8902-556AC1F5D269}.Debug|Any CPU.ActiveCfg = Debug|Any CPU
		{37151CEF-8CF0-4349-8902-556AC1F5D269}.Debug|Any CPU.Build.0 = Debug|Any CPU
		{37151CEF-8CF0-4349-8902-556AC1F5D269}.Release|Any CPU.ActiveCfg = Release|Any CPU
		{37151CEF-8CF0-4349-8902-556AC1F5D269}.Release|Any CPU.Build.0 = Release|Any CPU
		{EE86592D-E6D4-40A1-8105-B1D2A161D7D2}.Debug|Any CPU.ActiveCfg = Debug|Any CPU
		{EE86592D-E6D4-40A1-8105-B1D2A161D7D2}.Debug|Any CPU.Build.0 = Debug|Any CPU
		{EE86592D-E6D4-40A1-8105-B1D2A161D7D2}.Release|Any CPU.ActiveCfg = Release|Any CPU
		{EE86592D-E6D4-40A1-8105-B1D2A161D7D2}.Release|Any CPU.Build.0 = Release|Any CPU
		{046BA233-6A46-44A8-AF5D-576D9EE46A48}.Debug|Any CPU.ActiveCfg = Debug|Any CPU
		{046BA233-6A46-44A8-AF5D-576D9EE46A48}.Debug|Any CPU.Build.0 = Debug|Any CPU
		{046BA233-6A46-44A8-AF5D-576D9EE46A48}.Release|Any CPU.ActiveCfg = Release|Any CPU
		{046BA233-6A46-44A8-AF5D-576D9EE46A48}.Release|Any CPU.Build.0 = Release|Any CPU
		{E9F5EA4D-E197-4ADA-94A0-AAFB28100DCF}.Debug|Any CPU.ActiveCfg = Debug|Any CPU
		{E9F5EA4D-E197-4ADA-94A0-AAFB28100DCF}.Debug|Any CPU.Build.0 = Debug|Any CPU
		{E9F5EA4D-E197-4ADA-94A0-AAFB28100DCF}.Release|Any CPU.ActiveCfg = Release|Any CPU
		{E9F5EA4D-E197-4ADA-94A0-AAFB28100DCF}.Release|Any CPU.Build.0 = Release|Any CPU
		{9408904A-38EE-4633-BAAE-0AD92643F93D}.Debug|Any CPU.ActiveCfg = Debug|Any CPU
		{9408904A-38EE-4633-BAAE-0AD92643F93D}.Debug|Any CPU.Build.0 = Debug|Any CPU
		{9408904A-38EE-4633-BAAE-0AD92643F93D}.Release|Any CPU.ActiveCfg = Release|Any CPU
		{9408904A-38EE-4633-BAAE-0AD92643F93D}.Release|Any CPU.Build.0 = Release|Any CPU
		{703BDB16-2FBD-464D-8538-B64CB180C229}.Debug|Any CPU.ActiveCfg = Debug|Any CPU
		{703BDB16-2FBD-464D-8538-B64CB180C229}.Debug|Any CPU.Build.0 = Debug|Any CPU
		{703BDB16-2FBD-464D-8538-B64CB180C229}.Release|Any CPU.ActiveCfg = Release|Any CPU
		{703BDB16-2FBD-464D-8538-B64CB180C229}.Release|Any CPU.Build.0 = Release|Any CPU
		{1103D07F-9CC0-4358-B90A-CD9C330C524A}.Debug|Any CPU.ActiveCfg = Debug|Any CPU
		{1103D07F-9CC0-4358-B90A-CD9C330C524A}.Debug|Any CPU.Build.0 = Debug|Any CPU
		{1103D07F-9CC0-4358-B90A-CD9C330C524A}.Release|Any CPU.ActiveCfg = Release|Any CPU
		{1103D07F-9CC0-4358-B90A-CD9C330C524A}.Release|Any CPU.Build.0 = Release|Any CPU
		{740B97C8-B13F-4AFA-87E7-D5EFAE114F40}.Debug|Any CPU.ActiveCfg = Debug|Any CPU
		{740B97C8-B13F-4AFA-87E7-D5EFAE114F40}.Debug|Any CPU.Build.0 = Debug|Any CPU
		{740B97C8-B13F-4AFA-87E7-D5EFAE114F40}.Release|Any CPU.ActiveCfg = Release|Any CPU
		{740B97C8-B13F-4AFA-87E7-D5EFAE114F40}.Release|Any CPU.Build.0 = Release|Any CPU
		{C0A82D35-C9A3-4042-A8C3-F65E8902D407}.Debug|Any CPU.ActiveCfg = Debug|Any CPU
		{C0A82D35-C9A3-4042-A8C3-F65E8902D407}.Debug|Any CPU.Build.0 = Debug|Any CPU
		{C0A82D35-C9A3-4042-A8C3-F65E8902D407}.Release|Any CPU.ActiveCfg = Release|Any CPU
		{C0A82D35-C9A3-4042-A8C3-F65E8902D407}.Release|Any CPU.Build.0 = Release|Any CPU
		{53402CCF-37DA-4ECA-AB19-5FB4C5E5356C}.Debug|Any CPU.ActiveCfg = Debug|Any CPU
		{53402CCF-37DA-4ECA-AB19-5FB4C5E5356C}.Debug|Any CPU.Build.0 = Debug|Any CPU
		{53402CCF-37DA-4ECA-AB19-5FB4C5E5356C}.Release|Any CPU.ActiveCfg = Release|Any CPU
		{53402CCF-37DA-4ECA-AB19-5FB4C5E5356C}.Release|Any CPU.Build.0 = Release|Any CPU
		{1C7B49E3-0470-49FA-B326-24383C4C862E}.Debug|Any CPU.ActiveCfg = Debug|Any CPU
		{1C7B49E3-0470-49FA-B326-24383C4C862E}.Debug|Any CPU.Build.0 = Debug|Any CPU
		{1C7B49E3-0470-49FA-B326-24383C4C862E}.Release|Any CPU.ActiveCfg = Release|Any CPU
		{1C7B49E3-0470-49FA-B326-24383C4C862E}.Release|Any CPU.Build.0 = Release|Any CPU
		{C47D68D6-6D76-4CD9-A448-DCA3AA79A273}.Debug|Any CPU.ActiveCfg = Debug|Any CPU
		{C47D68D6-6D76-4CD9-A448-DCA3AA79A273}.Debug|Any CPU.Build.0 = Debug|Any CPU
		{C47D68D6-6D76-4CD9-A448-DCA3AA79A273}.Release|Any CPU.ActiveCfg = Release|Any CPU
		{C47D68D6-6D76-4CD9-A448-DCA3AA79A273}.Release|Any CPU.Build.0 = Release|Any CPU
		{4BB1B81C-0BF5-40E7-B4F5-40AC6A388757}.Debug|Any CPU.ActiveCfg = Debug|Any CPU
		{4BB1B81C-0BF5-40E7-B4F5-40AC6A388757}.Debug|Any CPU.Build.0 = Debug|Any CPU
		{4BB1B81C-0BF5-40E7-B4F5-40AC6A388757}.Release|Any CPU.ActiveCfg = Release|Any CPU
		{4BB1B81C-0BF5-40E7-B4F5-40AC6A388757}.Release|Any CPU.Build.0 = Release|Any CPU
		{A1CCB01E-D67D-49B4-B718-50C21BA2E23C}.Debug|Any CPU.ActiveCfg = Debug|Any CPU
		{A1CCB01E-D67D-49B4-B718-50C21BA2E23C}.Debug|Any CPU.Build.0 = Debug|Any CPU
		{A1CCB01E-D67D-49B4-B718-50C21BA2E23C}.Release|Any CPU.ActiveCfg = Release|Any CPU
		{A1CCB01E-D67D-49B4-B718-50C21BA2E23C}.Release|Any CPU.Build.0 = Release|Any CPU
		{6015FD08-37E1-42B2-9CD7-445603A12D9A}.Debug|Any CPU.ActiveCfg = Debug|Any CPU
		{6015FD08-37E1-42B2-9CD7-445603A12D9A}.Debug|Any CPU.Build.0 = Debug|Any CPU
		{6015FD08-37E1-42B2-9CD7-445603A12D9A}.Release|Any CPU.ActiveCfg = Release|Any CPU
		{6015FD08-37E1-42B2-9CD7-445603A12D9A}.Release|Any CPU.Build.0 = Release|Any CPU
		{E11438E6-20D8-4A1D-A1E5-FC41C470D2A8}.Debug|Any CPU.ActiveCfg = Debug|Any CPU
		{E11438E6-20D8-4A1D-A1E5-FC41C470D2A8}.Debug|Any CPU.Build.0 = Debug|Any CPU
		{E11438E6-20D8-4A1D-A1E5-FC41C470D2A8}.Release|Any CPU.ActiveCfg = Release|Any CPU
		{E11438E6-20D8-4A1D-A1E5-FC41C470D2A8}.Release|Any CPU.Build.0 = Release|Any CPU
	EndGlobalSection
	GlobalSection(SolutionProperties) = preSolution
		HideSolutionNode = FALSE
	EndGlobalSection
	GlobalSection(NestedProjects) = preSolution
		{E9F5EA4D-E197-4ADA-94A0-AAFB28100DCF} = {B37147E3-6CD0-4BB2-BD1E-078C917C1C06}
		{B37147E3-6CD0-4BB2-BD1E-078C917C1C06} = {AC9FC5D9-C441-4358-B652-FBA16F4ABDC1}
		{703BDB16-2FBD-464D-8538-B64CB180C229} = {B37147E3-6CD0-4BB2-BD1E-078C917C1C06}
		{1103D07F-9CC0-4358-B90A-CD9C330C524A} = {D4EEBD7C-8033-4B58-9533-0345120374D7}
		{740B97C8-B13F-4AFA-87E7-D5EFAE114F40} = {D4EEBD7C-8033-4B58-9533-0345120374D7}
		{C0A82D35-C9A3-4042-A8C3-F65E8902D407} = {AC9FC5D9-C441-4358-B652-FBA16F4ABDC1}
		{53402CCF-37DA-4ECA-AB19-5FB4C5E5356C} = {AC9FC5D9-C441-4358-B652-FBA16F4ABDC1}
		{1C7B49E3-0470-49FA-B326-24383C4C862E} = {70DDD802-4C22-4F61-B82D-9C12D6CC1D3C}
		{C47D68D6-6D76-4CD9-A448-DCA3AA79A273} = {49D22684-E088-4239-907C-67F2B573312B}
		{A1CCB01E-D67D-49B4-B718-50C21BA2E23C} = {49D22684-E088-4239-907C-67F2B573312B}
		{6015FD08-37E1-42B2-9CD7-445603A12D9A} = {49D22684-E088-4239-907C-67F2B573312B}
		{E11438E6-20D8-4A1D-A1E5-FC41C470D2A8} = {49D22684-E088-4239-907C-67F2B573312B}
	EndGlobalSection
EndGlobal
